# THIS IS AN AUTOGENERATED FILE. DO NOT EDIT THIS FILE DIRECTLY.
# yarn lockfile v1


"@fortawesome/fontawesome-free@^5.15.4":
  version "5.15.4"
  resolved "https://registry.yarnpkg.com/@fortawesome/fontawesome-free/-/fontawesome-free-5.15.4.tgz#ecda5712b61ac852c760d8b3c79c96adca5554e5"
  integrity sha512-eYm8vijH/hpzr/6/1CJ/V/Eb1xQFW2nnUKArb3z+yUWv7HTwj6M7SP957oMjfZjAHU6qpoNc2wQvIxBLWYa/Jg==

"@popperjs/core@^2.9.3":
  version "2.9.3"
  resolved "https://registry.yarnpkg.com/@popperjs/core/-/core-2.9.3.tgz#8b68da1ebd7fc603999cf6ebee34a4899a14b88e"
  integrity sha512-xDu17cEfh7Kid/d95kB6tZsLOmSWKCZKtprnhVepjsSaCij+lM3mItSJDuuHDMbCWTh8Ejmebwb+KONcCJ0eXQ==

bootstrap@^4.5.2:
  version "4.6.0"
  resolved "https://registry.yarnpkg.com/bootstrap/-/bootstrap-4.6.0.tgz#97b9f29ac98f98dfa43bf7468262d84392552fd7"
  integrity sha512-Io55IuQY3kydzHtbGvQya3H+KorS/M9rSNyfCGCg9WZ4pyT/lCxIlpJgG1GXW/PswzC84Tr2fBYi+7+jFVQQBw==

bootstrap@^5.1.0:
  version "5.1.0"
  resolved "https://registry.yarnpkg.com/bootstrap/-/bootstrap-5.1.0.tgz#543ef8f44f4b9af67b0230f19508542fec38ef55"
  integrity sha512-bs74WNI9BgBo3cEovmdMHikSKoXnDgA6VQjJ7TyTotU6L7d41ZyCEEelPwkYEzsG/Zjv3ie9IE3EMAje0W9Xew==

bs-stepper@^1.7.0:
  version "1.7.0"
  resolved "https://registry.yarnpkg.com/bs-stepper/-/bs-stepper-1.7.0.tgz#bfa4cc51c4e67957caae57f5bdcba1977186bac1"
  integrity sha512-+DX7UKKgw2GI6ucsSCRd19VHYrxf/8znRCLs1lQVVLxz+h7EqgIOxoHcJ0/QTaaNoR9Cwg78ydo6hXIasyd3LA==

codemirror@^5.62.3:
  version "5.62.3"
  resolved "https://registry.yarnpkg.com/codemirror/-/codemirror-5.62.3.tgz#5cfdee6931c8b2d1b39ae773aaaaec2cc6b5558e"
  integrity sha512-zZAyOfN8TU67ngqrxhOgtkSAGV9jSpN1snbl8elPtnh9Z5A11daR405+dhLzLnuXrwX0WCShWlybxPN3QC/9Pg==

datatables.net-bs5@^1.10.25:
  version "1.10.25"
  resolved "https://registry.yarnpkg.com/datatables.net-bs5/-/datatables.net-bs5-1.10.25.tgz#68d6a3e109aec0d6a57645844434025215a89656"
  integrity sha512-SiONLsCrVOuSZm8AcKcMrpo9ZriCdtuf9udzxwK92yrI2a+mnuSi0EreG35Rcq1ORRELqrp3/2o+qcTHo7fSsg==
  dependencies:
    datatables.net "^1.10.15"
    jquery ">=1.7"

datatables.net-buttons-bs5@^1.7.1:
  version "1.7.1"
  resolved "https://registry.yarnpkg.com/datatables.net-buttons-bs5/-/datatables.net-buttons-bs5-1.7.1.tgz#21a4fd8783feec69725317ecc0468c39fa85924c"
  integrity sha512-T/TqOrB03tK1ENsjYgGZGMKhVAjzk3F8LXC57j4pEjAq77exknI7KL/kgKpXahZnU5T5mABfNxIOcK2ZxolFRA==
  dependencies:
    jquery ">=1.7"

datatables.net-responsive-bs5@^2.2.9:
  version "2.2.9"
  resolved "https://registry.yarnpkg.com/datatables.net-responsive-bs5/-/datatables.net-responsive-bs5-2.2.9.tgz#536593d7f9beb440ddbda84a6187586c1906ef14"
  integrity sha512-2g+gFyQCek/OR1RQTVPVq42NUQ+cGGeGKV6+qALyO6MCGYqJ4oKNb368EmvyHGCCRdEngiaC/1eesmupF0q20w==
  dependencies:
    jquery ">=1.7"

datatables.net@^1.10.15, datatables.net@^1.10.25:
  version "1.10.25"
  resolved "https://registry.yarnpkg.com/datatables.net/-/datatables.net-1.10.25.tgz#fc03a239e08f91d1d64ba101aa54daf4086d162c"
  integrity sha512-y0+C7all+MC/h1acwnjErhaJPjYGKpWTvbXrfEUbR8+P+nnhgjNn5nL1udgsTwBObMhlj1KITNBRrM/ZLSoj+Q==
  dependencies:
    jquery ">=1.7"

daterangepicker@^3.1.0:
  version "3.1.0"
  resolved "https://registry.yarnpkg.com/daterangepicker/-/daterangepicker-3.1.0.tgz#718d606614331df3e774c9aba82ccd8838d45da1"
  integrity sha512-DxWXvvPq4srWLCqFugqSV+6CBt/CvQ0dnpXhQ3gl0autcIDAruG1PuGG3gC7yPRNytAD1oU1AcUOzaYhOawhTw==
  dependencies:
    jquery ">=1.10"
    moment "^2.9.0"

jquery-ui-dist@^1.12.1:
  version "1.12.1"
  resolved "https://registry.yarnpkg.com/jquery-ui-dist/-/jquery-ui-dist-1.12.1.tgz#5c0815d3cc6f90ff5faaf5b268a6e23b4ca904fa"
  integrity sha1-XAgV08xvkP9fqvWyaKbiO0ypBPo=

jquery@>=1.10, jquery@>=1.7, jquery@^3.5.1, jquery@^3.6.0:
  version "3.6.0"
  resolved "https://registry.yarnpkg.com/jquery/-/jquery-3.6.0.tgz#c72a09f15c1bdce142f49dbf1170bdf8adac2470"
  integrity sha512-JVzAR/AjBvVt2BmYhxRCSYysDsPcssdmTFnzyLEts9qNwmjmu4JTAMYubEfwVOSwpQ1I1sKKFcxhZCI2buerfw==

moment-timezone@^0.5.31:
  version "0.5.33"
  resolved "https://registry.yarnpkg.com/moment-timezone/-/moment-timezone-0.5.33.tgz#b252fd6bb57f341c9b59a5ab61a8e51a73bbd22c"
  integrity sha512-PTc2vcT8K9J5/9rDEPe5czSIKgLoGsH8UNpA4qZTVw0Vd/Uz19geE9abbIOQKaAQFcnQ3v5YEXrbSc5BpshH+w==
  dependencies:
    moment ">= 2.9.0"

"moment@>= 2.9.0", moment@^2.29.0, moment@^2.29.1, moment@^2.9.0:
  version "2.29.1"
  resolved "https://registry.yarnpkg.com/moment/-/moment-2.29.1.tgz#b2be769fa31940be9eeea6469c075e35006fa3d3"
  integrity sha512-kHmoybcPV8Sqy59DwNDY3Jefr64lK/by/da0ViFcuA4DH0vQg5Q6Ze5VimxkfQNSC+Mls/Kx53s7TjP1RhFEDQ==

overlayscrollbars@^1.13.1:
  version "1.13.1"
  resolved "https://registry.yarnpkg.com/overlayscrollbars/-/overlayscrollbars-1.13.1.tgz#0b840a88737f43a946b9d87875a2f9e421d0338a"
  integrity sha512-gIQfzgGgu1wy80EB4/6DaJGHMEGmizq27xHIESrzXq0Y/J0Ay1P3DWk6tuVmEPIZH15zaBlxeEJOqdJKmowHCQ==

popper.js@^1.16.1:
  version "1.16.1"
  resolved "https://registry.yarnpkg.com/popper.js/-/popper.js-1.16.1.tgz#2a223cb3dc7b6213d740e40372be40de43e65b1b"
  integrity sha512-Wb4p1J4zyFTbM+u6WuO4XstYx4Ky9Cewe4DWrel7B0w6VVICvPwdOpotjzcf6eD8TsckVnIMNONQyPIUFOUbCQ==

select2@^4.1.0-rc.0:
  version "4.1.0-rc.0"
  resolved "https://registry.yarnpkg.com/select2/-/select2-4.1.0-rc.0.tgz#ba3cd3901dda0155e1c0219ab41b74ba51ea22d8"
  integrity sha512-Hr9TdhyHCZUtwznEH2CBf7967mEM0idtJ5nMtjvk3Up5tPukOLXbHUNmh10oRfeNIhj+3GD3niu+g6sVK+gK0A==

summernote@^0.8.18:
  version "0.8.18"
  resolved "https://registry.yarnpkg.com/summernote/-/summernote-0.8.18.tgz#be5c368b1c92de8a05039a9976157bdea7aae386"
  integrity sha512-VlwBaNm9vSYMYXvO2f3UCUmY0Gm8jxLcBn+D08aX3pKs4x2vAoyQ4DcDQ6D+PchQiLrf86AGQVfVu56F4aP3ug==

tempusdominus-bootstrap-4@^5.39.0:
  version "5.39.0"
  resolved "https://registry.yarnpkg.com/tempusdominus-bootstrap-4/-/tempusdominus-bootstrap-4-5.39.0.tgz#f13dcfec6c41b37c5fe509f08bd513590c64411f"
  integrity sha512-vYnkmQYQq4+A51WyRc/6e03eM0BHDoPaxd556K1pd4Nhr0eGeB3+Mi9b+3CDx4189fg3gQlrsKzgJiHPRwSX3Q==
  dependencies:
    bootstrap "^4.5.2"
    jquery "^3.5.1"
    moment "^2.29.0"
    moment-timezone "^0.5.31"
    popper.js "^1.16.1"
